// !$*UTF8*$!
{
	archiveVersion = 1;
	classes = {
	};
	objectVersion = 56;
	objects = {

/* Begin PBXBuildFile section */
		FA15C98D2AE1E38C004E1866 /* AppDelegate.swift in Sources */ = {isa = PBXBuildFile; fileRef = FA15C98C2AE1E38C004E1866 /* AppDelegate.swift */; };
		FA15C98F2AE1E38C004E1866 /* SceneDelegate.swift in Sources */ = {isa = PBXBuildFile; fileRef = FA15C98E2AE1E38C004E1866 /* SceneDelegate.swift */; };
		FA15C9972AE1E38C004E1866 /* cashfocus.xcdatamodeld in Sources */ = {isa = PBXBuildFile; fileRef = FA15C9952AE1E38C004E1866 /* cashfocus.xcdatamodeld */; };
		FA15C9992AE1E38D004E1866 /* Assets.xcassets in Resources */ = {isa = PBXBuildFile; fileRef = FA15C9982AE1E38D004E1866 /* Assets.xcassets */; };
		FA15C99C2AE1E38D004E1866 /* LaunchScreen.storyboard in Resources */ = {isa = PBXBuildFile; fileRef = FA15C99A2AE1E38D004E1866 /* LaunchScreen.storyboard */; };
		FA15C9A72AE1E38D004E1866 /* cashfocusTests.swift in Sources */ = {isa = PBXBuildFile; fileRef = FA15C9A62AE1E38D004E1866 /* cashfocusTests.swift */; };
		FA15C9B12AE1E38D004E1866 /* cashfocusUITests.swift in Sources */ = {isa = PBXBuildFile; fileRef = FA15C9B02AE1E38D004E1866 /* cashfocusUITests.swift */; };
		FA15C9B32AE1E38D004E1866 /* cashfocusUITestsLaunchTests.swift in Sources */ = {isa = PBXBuildFile; fileRef = FA15C9B22AE1E38D004E1866 /* cashfocusUITestsLaunchTests.swift */; };
		FA4D89022AE2420200795DA7 /* LoginVC.swift in Sources */ = {isa = PBXBuildFile; fileRef = FA4D89012AE2420200795DA7 /* LoginVC.swift */; };
		FAEAE7622AE445DB00E01977 /* Nunito-Medium.ttf in Resources */ = {isa = PBXBuildFile; fileRef = FAEAE75D2AE445DB00E01977 /* Nunito-Medium.ttf */; };
		FAEAE7632AE445DB00E01977 /* Nunito-Regular.ttf in Resources */ = {isa = PBXBuildFile; fileRef = FAEAE75E2AE445DB00E01977 /* Nunito-Regular.ttf */; };
		FAEAE7642AE445DB00E01977 /* Nunito-Italic.ttf in Resources */ = {isa = PBXBuildFile; fileRef = FAEAE75F2AE445DB00E01977 /* Nunito-Italic.ttf */; };
		FAEAE7652AE445DB00E01977 /* Nunito-Light.ttf in Resources */ = {isa = PBXBuildFile; fileRef = FAEAE7602AE445DB00E01977 /* Nunito-Light.ttf */; };
		FAEAE7662AE445DB00E01977 /* Nunito-Bold.ttf in Resources */ = {isa = PBXBuildFile; fileRef = FAEAE7612AE445DB00E01977 /* Nunito-Bold.ttf */; };
/* End PBXBuildFile section */

/* Begin PBXContainerItemProxy section */
		FA15C9A32AE1E38D004E1866 /* PBXContainerItemProxy */ = {
			isa = PBXContainerItemProxy;
			containerPortal = FA15C9812AE1E38C004E1866 /* Project object */;
			proxyType = 1;
			remoteGlobalIDString = FA15C9882AE1E38C004E1866;
			remoteInfo = cashfocus;
		};
		FA15C9AD2AE1E38D004E1866 /* PBXContainerItemProxy */ = {
			isa = PBXContainerItemProxy;
			containerPortal = FA15C9812AE1E38C004E1866 /* Project object */;
			proxyType = 1;
			remoteGlobalIDString = FA15C9882AE1E38C004E1866;
			remoteInfo = cashfocus;
		};
/* End PBXContainerItemProxy section */

/* Begin PBXFileReference section */
		FA15C9892AE1E38C004E1866 /* cashfocus.app */ = {isa = PBXFileReference; explicitFileType = wrapper.application; includeInIndex = 0; path = cashfocus.app; sourceTree = BUILT_PRODUCTS_DIR; };
		FA15C98C2AE1E38C004E1866 /* AppDelegate.swift */ = {isa = PBXFileReference; lastKnownFileType = sourcecode.swift; path = AppDelegate.swift; sourceTree = "<group>"; };
		FA15C98E2AE1E38C004E1866 /* SceneDelegate.swift */ = {isa = PBXFileReference; lastKnownFileType = sourcecode.swift; path = SceneDelegate.swift; sourceTree = "<group>"; };
		FA15C9962AE1E38C004E1866 /* cashfocus.xcdatamodel */ = {isa = PBXFileReference; lastKnownFileType = wrapper.xcdatamodel; path = cashfocus.xcdatamodel; sourceTree = "<group>"; };
		FA15C9982AE1E38D004E1866 /* Assets.xcassets */ = {isa = PBXFileReference; lastKnownFileType = folder.assetcatalog; path = Assets.xcassets; sourceTree = "<group>"; };
		FA15C99B2AE1E38D004E1866 /* Base */ = {isa = PBXFileReference; lastKnownFileType = file.storyboard; name = Base; path = Base.lproj/LaunchScreen.storyboard; sourceTree = "<group>"; };
		FA15C99D2AE1E38D004E1866 /* Info.plist */ = {isa = PBXFileReference; lastKnownFileType = text.plist.xml; path = Info.plist; sourceTree = "<group>"; };
		FA15C9A22AE1E38D004E1866 /* cashfocusTests.xctest */ = {isa = PBXFileReference; explicitFileType = wrapper.cfbundle; includeInIndex = 0; path = cashfocusTests.xctest; sourceTree = BUILT_PRODUCTS_DIR; };
		FA15C9A62AE1E38D004E1866 /* cashfocusTests.swift */ = {isa = PBXFileReference; lastKnownFileType = sourcecode.swift; path = cashfocusTests.swift; sourceTree = "<group>"; };
		FA15C9AC2AE1E38D004E1866 /* cashfocusUITests.xctest */ = {isa = PBXFileReference; explicitFileType = wrapper.cfbundle; includeInIndex = 0; path = cashfocusUITests.xctest; sourceTree = BUILT_PRODUCTS_DIR; };
		FA15C9B02AE1E38D004E1866 /* cashfocusUITests.swift */ = {isa = PBXFileReference; lastKnownFileType = sourcecode.swift; path = cashfocusUITests.swift; sourceTree = "<group>"; };
		FA15C9B22AE1E38D004E1866 /* cashfocusUITestsLaunchTests.swift */ = {isa = PBXFileReference; lastKnownFileType = sourcecode.swift; path = cashfocusUITestsLaunchTests.swift; sourceTree = "<group>"; };
		FA4D89012AE2420200795DA7 /* LoginVC.swift */ = {isa = PBXFileReference; lastKnownFileType = sourcecode.swift; path = LoginVC.swift; sourceTree = "<group>"; };
		FAEAE75D2AE445DB00E01977 /* Nunito-Medium.ttf */ = {isa = PBXFileReference; lastKnownFileType = file; path = "Nunito-Medium.ttf"; sourceTree = "<group>"; };
		FAEAE75E2AE445DB00E01977 /* Nunito-Regular.ttf */ = {isa = PBXFileReference; lastKnownFileType = file; path = "Nunito-Regular.ttf"; sourceTree = "<group>"; };
		FAEAE75F2AE445DB00E01977 /* Nunito-Italic.ttf */ = {isa = PBXFileReference; lastKnownFileType = file; path = "Nunito-Italic.ttf"; sourceTree = "<group>"; };
		FAEAE7602AE445DB00E01977 /* Nunito-Light.ttf */ = {isa = PBXFileReference; lastKnownFileType = file; path = "Nunito-Light.ttf"; sourceTree = "<group>"; };
		FAEAE7612AE445DB00E01977 /* Nunito-Bold.ttf */ = {isa = PBXFileReference; lastKnownFileType = file; path = "Nunito-Bold.ttf"; sourceTree = "<group>"; };
/* End PBXFileReference section */

/* Begin PBXFrameworksBuildPhase section */
		FA15C9862AE1E38C004E1866 /* Frameworks */ = {
			isa = PBXFrameworksBuildPhase;
			buildActionMask = 2147483647;
			files = (
			);
			runOnlyForDeploymentPostprocessing = 0;
		};
		FA15C99F2AE1E38D004E1866 /* Frameworks */ = {
			isa = PBXFrameworksBuildPhase;
			buildActionMask = 2147483647;
			files = (
			);
			runOnlyForDeploymentPostprocessing = 0;
		};
		FA15C9A92AE1E38D004E1866 /* Frameworks */ = {
			isa = PBXFrameworksBuildPhase;
			buildActionMask = 2147483647;
			files = (
			);
			runOnlyForDeploymentPostprocessing = 0;
		};
/* End PBXFrameworksBuildPhase section */

/* Begin PBXGroup section */
		FA15C9802AE1E38C004E1866 = {
			isa = PBXGroup;
			children = (
				FA15C98B2AE1E38C004E1866 /* cashfocus */,
				FA15C9A52AE1E38D004E1866 /* cashfocusTests */,
				FA15C9AF2AE1E38D004E1866 /* cashfocusUITests */,
				FA15C98A2AE1E38C004E1866 /* Products */,
			);
			sourceTree = "<group>";
		};
		FA15C98A2AE1E38C004E1866 /* Products */ = {
			isa = PBXGroup;
			children = (
				FA15C9892AE1E38C004E1866 /* cashfocus.app */,
				FA15C9A22AE1E38D004E1866 /* cashfocusTests.xctest */,
				FA15C9AC2AE1E38D004E1866 /* cashfocusUITests.xctest */,
			);
			name = Products;
			sourceTree = "<group>";
		};
		FA15C98B2AE1E38C004E1866 /* cashfocus */ = {
			isa = PBXGroup;
			children = (
				FAF2CCBB2AE1E9BF00D2542D /* Support */,
				FAF2CCBA2AE1E86C00D2542D /* Utilities */,
				FAF2CCB92AE1E86400D2542D /* Models */,
				FAF2CCB82AE1E85A00D2542D /* Screens */,
				FA15C99D2AE1E38D004E1866 /* Info.plist */,
			);
			path = cashfocus;
			sourceTree = "<group>";
		};
		FA15C9A52AE1E38D004E1866 /* cashfocusTests */ = {
			isa = PBXGroup;
			children = (
				FA15C9A62AE1E38D004E1866 /* cashfocusTests.swift */,
			);
			path = cashfocusTests;
			sourceTree = "<group>";
		};
		FA15C9AF2AE1E38D004E1866 /* cashfocusUITests */ = {
			isa = PBXGroup;
			children = (
				FA15C9B02AE1E38D004E1866 /* cashfocusUITests.swift */,
				FA15C9B22AE1E38D004E1866 /* cashfocusUITestsLaunchTests.swift */,
			);
			path = cashfocusUITests;
			sourceTree = "<group>";
		};
		FA4D89002AE241D200795DA7 /* Login */ = {
			isa = PBXGroup;
			children = (
				FA4D89012AE2420200795DA7 /* LoginVC.swift */,
			);
			path = Login;
			sourceTree = "<group>";
		};
		FAEAE75C2AE445A500E01977 /* Fonts */ = {
			isa = PBXGroup;
			children = (
				FAEAE7612AE445DB00E01977 /* Nunito-Bold.ttf */,
				FAEAE75F2AE445DB00E01977 /* Nunito-Italic.ttf */,
				FAEAE7602AE445DB00E01977 /* Nunito-Light.ttf */,
				FAEAE75D2AE445DB00E01977 /* Nunito-Medium.ttf */,
				FAEAE75E2AE445DB00E01977 /* Nunito-Regular.ttf */,
			);
			path = Fonts;
			sourceTree = "<group>";
		};
		FAF2CCB82AE1E85A00D2542D /* Screens */ = {
			isa = PBXGroup;
			children = (
				FA4D89002AE241D200795DA7 /* Login */,
			);
			path = Screens;
			sourceTree = "<group>";
		};
		FAF2CCB92AE1E86400D2542D /* Models */ = {
			isa = PBXGroup;
			children = (
			);
			path = Models;
			sourceTree = "<group>";
		};
		FAF2CCBA2AE1E86C00D2542D /* Utilities */ = {
			isa = PBXGroup;
			children = (
			);
			path = Utilities;
			sourceTree = "<group>";
		};
		FAF2CCBB2AE1E9BF00D2542D /* Support */ = {
			isa = PBXGroup;
			children = (
				FAEAE75C2AE445A500E01977 /* Fonts */,
				FA15C98C2AE1E38C004E1866 /* AppDelegate.swift */,
				FA15C98E2AE1E38C004E1866 /* SceneDelegate.swift */,
				FA15C9982AE1E38D004E1866 /* Assets.xcassets */,
				FA15C99A2AE1E38D004E1866 /* LaunchScreen.storyboard */,
				FA15C9952AE1E38C004E1866 /* cashfocus.xcdatamodeld */,
			);
			path = Support;
			sourceTree = "<group>";
		};
/* End PBXGroup section */

/* Begin PBXNativeTarget section */
		FA15C9882AE1E38C004E1866 /* cashfocus */ = {
			isa = PBXNativeTarget;
			buildConfigurationList = FA15C9B62AE1E38D004E1866 /* Build configuration list for PBXNativeTarget "cashfocus" */;
			buildPhases = (
				FA15C9852AE1E38C004E1866 /* Sources */,
				FA15C9862AE1E38C004E1866 /* Frameworks */,
				FA15C9872AE1E38C004E1866 /* Resources */,
			);
			buildRules = (
			);
			dependencies = (
			);
			name = cashfocus;
			productName = cashfocus;
			productReference = FA15C9892AE1E38C004E1866 /* cashfocus.app */;
			productType = "com.apple.product-type.application";
		};
		FA15C9A12AE1E38D004E1866 /* cashfocusTests */ = {
			isa = PBXNativeTarget;
			buildConfigurationList = FA15C9B92AE1E38D004E1866 /* Build configuration list for PBXNativeTarget "cashfocusTests" */;
			buildPhases = (
				FA15C99E2AE1E38D004E1866 /* Sources */,
				FA15C99F2AE1E38D004E1866 /* Frameworks */,
				FA15C9A02AE1E38D004E1866 /* Resources */,
			);
			buildRules = (
			);
			dependencies = (
				FA15C9A42AE1E38D004E1866 /* PBXTargetDependency */,
			);
			name = cashfocusTests;
			productName = cashfocusTests;
			productReference = FA15C9A22AE1E38D004E1866 /* cashfocusTests.xctest */;
			productType = "com.apple.product-type.bundle.unit-test";
		};
		FA15C9AB2AE1E38D004E1866 /* cashfocusUITests */ = {
			isa = PBXNativeTarget;
			buildConfigurationList = FA15C9BC2AE1E38D004E1866 /* Build configuration list for PBXNativeTarget "cashfocusUITests" */;
			buildPhases = (
				FA15C9A82AE1E38D004E1866 /* Sources */,
				FA15C9A92AE1E38D004E1866 /* Frameworks */,
				FA15C9AA2AE1E38D004E1866 /* Resources */,
			);
			buildRules = (
			);
			dependencies = (
				FA15C9AE2AE1E38D004E1866 /* PBXTargetDependency */,
			);
			name = cashfocusUITests;
			productName = cashfocusUITests;
			productReference = FA15C9AC2AE1E38D004E1866 /* cashfocusUITests.xctest */;
			productType = "com.apple.product-type.bundle.ui-testing";
		};
/* End PBXNativeTarget section */

/* Begin PBXProject section */
		FA15C9812AE1E38C004E1866 /* Project object */ = {
			isa = PBXProject;
			attributes = {
				BuildIndependentTargetsInParallel = 1;
				LastSwiftUpdateCheck = 1500;
				LastUpgradeCheck = 1500;
				TargetAttributes = {
					FA15C9882AE1E38C004E1866 = {
						CreatedOnToolsVersion = 15.0.1;
					};
					FA15C9A12AE1E38D004E1866 = {
						CreatedOnToolsVersion = 15.0.1;
						TestTargetID = FA15C9882AE1E38C004E1866;
					};
					FA15C9AB2AE1E38D004E1866 = {
						CreatedOnToolsVersion = 15.0.1;
						TestTargetID = FA15C9882AE1E38C004E1866;
					};
				};
			};
			buildConfigurationList = FA15C9842AE1E38C004E1866 /* Build configuration list for PBXProject "cashfocus" */;
			compatibilityVersion = "Xcode 14.0";
			developmentRegion = en;
			hasScannedForEncodings = 0;
			knownRegions = (
				en,
				Base,
			);
			mainGroup = FA15C9802AE1E38C004E1866;
			productRefGroup = FA15C98A2AE1E38C004E1866 /* Products */;
			projectDirPath = "";
			projectRoot = "";
			targets = (
				FA15C9882AE1E38C004E1866 /* cashfocus */,
				FA15C9A12AE1E38D004E1866 /* cashfocusTests */,
				FA15C9AB2AE1E38D004E1866 /* cashfocusUITests */,
			);
		};
/* End PBXProject section */

/* Begin PBXResourcesBuildPhase section */
		FA15C9872AE1E38C004E1866 /* Resources */ = {
			isa = PBXResourcesBuildPhase;
			buildActionMask = 2147483647;
			files = (
				FAEAE7662AE445DB00E01977 /* Nunito-Bold.ttf in Resources */,
				FA15C99C2AE1E38D004E1866 /* LaunchScreen.storyboard in Resources */,
				FAEAE7642AE445DB00E01977 /* Nunito-Italic.ttf in Resources */,
				FAEAE7652AE445DB00E01977 /* Nunito-Light.ttf in Resources */,
				FA15C9992AE1E38D004E1866 /* Assets.xcassets in Resources */,
				FAEAE7632AE445DB00E01977 /* Nunito-Regular.ttf in Resources */,
				FAEAE7622AE445DB00E01977 /* Nunito-Medium.ttf in Resources */,
			);
			runOnlyForDeploymentPostprocessing = 0;
		};
		FA15C9A02AE1E38D004E1866 /* Resources */ = {
			isa = PBXResourcesBuildPhase;
			buildActionMask = 2147483647;
			files = (
			);
			runOnlyForDeploymentPostprocessing = 0;
		};
		FA15C9AA2AE1E38D004E1866 /* Resources */ = {
			isa = PBXResourcesBuildPhase;
			buildActionMask = 2147483647;
			files = (
			);
			runOnlyForDeploymentPostprocessing = 0;
		};
/* End PBXResourcesBuildPhase section */

/* Begin PBXSourcesBuildPhase section */
		FA15C9852AE1E38C004E1866 /* Sources */ = {
			isa = PBXSourcesBuildPhase;
			buildActionMask = 2147483647;
			files = (
				FA15C9972AE1E38C004E1866 /* cashfocus.xcdatamodeld in Sources */,
				FA15C98D2AE1E38C004E1866 /* AppDelegate.swift in Sources */,
				FA4D89022AE2420200795DA7 /* LoginVC.swift in Sources */,
				FA15C98F2AE1E38C004E1866 /* SceneDelegate.swift in Sources */,
			);
			runOnlyForDeploymentPostprocessing = 0;
		};
		FA15C99E2AE1E38D004E1866 /* Sources */ = {
			isa = PBXSourcesBuildPhase;
			buildActionMask = 2147483647;
			files = (
				FA15C9A72AE1E38D004E1866 /* cashfocusTests.swift in Sources */,
			);
			runOnlyForDeploymentPostprocessing = 0;
		};
		FA15C9A82AE1E38D004E1866 /* Sources */ = {
			isa = PBXSourcesBuildPhase;
			buildActionMask = 2147483647;
			files = (
				FA15C9B32AE1E38D004E1866 /* cashfocusUITestsLaunchTests.swift in Sources */,
				FA15C9B12AE1E38D004E1866 /* cashfocusUITests.swift in Sources */,
			);
			runOnlyForDeploymentPostprocessing = 0;
		};
/* End PBXSourcesBuildPhase section */

/* Begin PBXTargetDependency section */
		FA15C9A42AE1E38D004E1866 /* PBXTargetDependency */ = {
			isa = PBXTargetDependency;
			target = FA15C9882AE1E38C004E1866 /* cashfocus */;
			targetProxy = FA15C9A32AE1E38D004E1866 /* PBXContainerItemProxy */;
		};
		FA15C9AE2AE1E38D004E1866 /* PBXTargetDependency */ = {
			isa = PBXTargetDependency;
			target = FA15C9882AE1E38C004E1866 /* cashfocus */;
			targetProxy = FA15C9AD2AE1E38D004E1866 /* PBXContainerItemProxy */;
		};
/* End PBXTargetDependency section */

/* Begin PBXVariantGroup section */
		FA15C99A2AE1E38D004E1866 /* LaunchScreen.storyboard */ = {
			isa = PBXVariantGroup;
			children = (
				FA15C99B2AE1E38D004E1866 /* Base */,
			);
			name = LaunchScreen.storyboard;
			sourceTree = "<group>";
		};
/* End PBXVariantGroup section */

/* Begin XCBuildConfiguration section */
		FA15C9B42AE1E38D004E1866 /* Debug */ = {
			isa = XCBuildConfiguration;
			buildSettings = {
				ALWAYS_SEARCH_USER_PATHS = NO;
				ASSETCATALOG_COMPILER_GENERATE_SWIFT_ASSET_SYMBOL_EXTENSIONS = YES;
				CLANG_ANALYZER_NONNULL = YES;
				CLANG_ANALYZER_NUMBER_OBJECT_CONVERSION = YES_AGGRESSIVE;
				CLANG_CXX_LANGUAGE_STANDARD = "gnu++20";
				CLANG_ENABLE_MODULES = YES;
				CLANG_ENABLE_OBJC_ARC = YES;
				CLANG_ENABLE_OBJC_WEAK = YES;
				CLANG_WARN_BLOCK_CAPTURE_AUTORELEASING = YES;
				CLANG_WARN_BOOL_CONVERSION = YES;
				CLANG_WARN_COMMA = YES;
				CLANG_WARN_CONSTANT_CONVERSION = YES;
				CLANG_WARN_DEPRECATED_OBJC_IMPLEMENTATIONS = YES;
				CLANG_WARN_DIRECT_OBJC_ISA_USAGE = YES_ERROR;
				CLANG_WARN_DOCUMENTATION_COMMENTS = YES;
				CLANG_WARN_EMPTY_BODY = YES;
				CLANG_WARN_ENUM_CONVERSION = YES;
				CLANG_WARN_INFINITE_RECURSION = YES;
				CLANG_WARN_INT_CONVERSION = YES;
				CLANG_WARN_NON_LITERAL_NULL_CONVERSION = YES;
				CLANG_WARN_OBJC_IMPLICIT_RETAIN_SELF = YES;
				CLANG_WARN_OBJC_LITERAL_CONVERSION = YES;
				CLANG_WARN_OBJC_ROOT_CLASS = YES_ERROR;
				CLANG_WARN_QUOTED_INCLUDE_IN_FRAMEWORK_HEADER = YES;
				CLANG_WARN_RANGE_LOOP_ANALYSIS = YES;
				CLANG_WARN_STRICT_PROTOTYPES = YES;
				CLANG_WARN_SUSPICIOUS_MOVE = YES;
				CLANG_WARN_UNGUARDED_AVAILABILITY = YES_AGGRESSIVE;
				CLANG_WARN_UNREACHABLE_CODE = YES;
				CLANG_WARN__DUPLICATE_METHOD_MATCH = YES;
				COPY_PHASE_STRIP = NO;
				DEBUG_INFORMATION_FORMAT = dwarf;
				ENABLE_STRICT_OBJC_MSGSEND = YES;
				ENABLE_TESTABILITY = YES;
				ENABLE_USER_SCRIPT_SANDBOXING = YES;
				GCC_C_LANGUAGE_STANDARD = gnu17;
				GCC_DYNAMIC_NO_PIC = NO;
				GCC_NO_COMMON_BLOCKS = YES;
				GCC_OPTIMIZATION_LEVEL = 0;
				GCC_PREPROCESSOR_DEFINITIONS = (
					"DEBUG=1",
					"$(inherited)",
				);
				GCC_WARN_64_TO_32_BIT_CONVERSION = YES;
				GCC_WARN_ABOUT_RETURN_TYPE = YES_ERROR;
				GCC_WARN_UNDECLARED_SELECTOR = YES;
				GCC_WARN_UNINITIALIZED_AUTOS = YES_AGGRESSIVE;
				GCC_WARN_UNUSED_FUNCTION = YES;
				GCC_WARN_UNUSED_VARIABLE = YES;
				IPHONEOS_DEPLOYMENT_TARGET = 17.0;
				LOCALIZATION_PREFERS_STRING_CATALOGS = YES;
				MTL_ENABLE_DEBUG_INFO = INCLUDE_SOURCE;
				MTL_FAST_MATH = YES;
				ONLY_ACTIVE_ARCH = YES;
				SDKROOT = iphoneos;
				SWIFT_ACTIVE_COMPILATION_CONDITIONS = "DEBUG $(inherited)";
				SWIFT_OPTIMIZATION_LEVEL = "-Onone";
			};
			name = Debug;
		};
		FA15C9B52AE1E38D004E1866 /* Release */ = {
			isa = XCBuildConfiguration;
			buildSettings = {
				ALWAYS_SEARCH_USER_PATHS = NO;
				ASSETCATALOG_COMPILER_GENERATE_SWIFT_ASSET_SYMBOL_EXTENSIONS = YES;
				CLANG_ANALYZER_NONNULL = YES;
				CLANG_ANALYZER_NUMBER_OBJECT_CONVERSION = YES_AGGRESSIVE;
				CLANG_CXX_LANGUAGE_STANDARD = "gnu++20";
				CLANG_ENABLE_MODULES = YES;
				CLANG_ENABLE_OBJC_ARC = YES;
				CLANG_ENABLE_OBJC_WEAK = YES;
				CLANG_WARN_BLOCK_CAPTURE_AUTORELEASING = YES;
				CLANG_WARN_BOOL_CONVERSION = YES;
				CLANG_WARN_COMMA = YES;
				CLANG_WARN_CONSTANT_CONVERSION = YES;
				CLANG_WARN_DEPRECATED_OBJC_IMPLEMENTATIONS = YES;
				CLANG_WARN_DIRECT_OBJC_ISA_USAGE = YES_ERROR;
				CLANG_WARN_DOCUMENTATION_COMMENTS = YES;
				CLANG_WARN_EMPTY_BODY = YES;
				CLANG_WARN_ENUM_CONVERSION = YES;
				CLANG_WARN_INFINITE_RECURSION = YES;
				CLANG_WARN_INT_CONVERSION = YES;
				CLANG_WARN_NON_LITERAL_NULL_CONVERSION = YES;
				CLANG_WARN_OBJC_IMPLICIT_RETAIN_SELF = YES;
				CLANG_WARN_OBJC_LITERAL_CONVERSION = YES;
				CLANG_WARN_OBJC_ROOT_CLASS = YES_ERROR;
				CLANG_WARN_QUOTED_INCLUDE_IN_FRAMEWORK_HEADER = YES;
				CLANG_WARN_RANGE_LOOP_ANALYSIS = YES;
				CLANG_WARN_STRICT_PROTOTYPES = YES;
				CLANG_WARN_SUSPICIOUS_MOVE = YES;
				CLANG_WARN_UNGUARDED_AVAILABILITY = YES_AGGRESSIVE;
				CLANG_WARN_UNREACHABLE_CODE = YES;
				CLANG_WARN__DUPLICATE_METHOD_MATCH = YES;
				COPY_PHASE_STRIP = NO;
				DEBUG_INFORMATION_FORMAT = "dwarf-with-dsym";
				ENABLE_NS_ASSERTIONS = NO;
				ENABLE_STRICT_OBJC_MSGSEND = YES;
				ENABLE_USER_SCRIPT_SANDBOXING = YES;
				GCC_C_LANGUAGE_STANDARD = gnu17;
				GCC_NO_COMMON_BLOCKS = YES;
				GCC_WARN_64_TO_32_BIT_CONVERSION = YES;
				GCC_WARN_ABOUT_RETURN_TYPE = YES_ERROR;
				GCC_WARN_UNDECLARED_SELECTOR = YES;
				GCC_WARN_UNINITIALIZED_AUTOS = YES_AGGRESSIVE;
				GCC_WARN_UNUSED_FUNCTION = YES;
				GCC_WARN_UNUSED_VARIABLE = YES;
				IPHONEOS_DEPLOYMENT_TARGET = 17.0;
				LOCALIZATION_PREFERS_STRING_CATALOGS = YES;
				MTL_ENABLE_DEBUG_INFO = NO;
				MTL_FAST_MATH = YES;
				SDKROOT = iphoneos;
				SWIFT_COMPILATION_MODE = wholemodule;
				VALIDATE_PRODUCT = YES;
			};
			name = Release;
		};
		FA15C9B72AE1E38D004E1866 /* Debug */ = {
			isa = XCBuildConfiguration;
			buildSettings = {
				ASSETCATALOG_COMPILER_APPICON_NAME = AppIcon;
				ASSETCATALOG_COMPILER_GLOBAL_ACCENT_COLOR_NAME = AccentColor;
				CODE_SIGN_STYLE = Automatic;
				CURRENT_PROJECT_VERSION = 1;
				DEVELOPMENT_TEAM = 8GD4P7SDHD;
				GENERATE_INFOPLIST_FILE = YES;
				INFOPLIST_FILE = cashfocus/Info.plist;
				INFOPLIST_KEY_UIApplicationSupportsIndirectInputEvents = YES;
				INFOPLIST_KEY_UILaunchStoryboardName = LaunchScreen;
				INFOPLIST_KEY_UISupportedInterfaceOrientations = UIInterfaceOrientationPortrait;
				IPHONEOS_DEPLOYMENT_TARGET = 16.0;
				LD_RUNPATH_SEARCH_PATHS = (
					"$(inherited)",
					"@executable_path/Frameworks",
				);
				MARKETING_VERSION = 1.0;
				PRODUCT_BUNDLE_IDENTIFIER = com.leongdev.cashfocus;
				PRODUCT_NAME = "$(TARGET_NAME)";
				SWIFT_EMIT_LOC_STRINGS = YES;
				SWIFT_VERSION = 5.0;
				TARGETED_DEVICE_FAMILY = "1,2";
			};
			name = Debug;
		};
		FA15C9B82AE1E38D004E1866 /* Release */ = {
			isa = XCBuildConfiguration;
			buildSettings = {
				ASSETCATALOG_COMPILER_APPICON_NAME = AppIcon;
				ASSETCATALOG_COMPILER_GLOBAL_ACCENT_COLOR_NAME = AccentColor;
				CODE_SIGN_STYLE = Automatic;
				CURRENT_PROJECT_VERSION = 1;
				DEVELOPMENT_TEAM = 8GD4P7SDHD;
				GENERATE_INFOPLIST_FILE = YES;
				INFOPLIST_FILE = cashfocus/Info.plist;
				INFOPLIST_KEY_UIApplicationSupportsIndirectInputEvents = YES;
				INFOPLIST_KEY_UILaunchStoryboardName = LaunchScreen;
				INFOPLIST_KEY_UISupportedInterfaceOrientations = UIInterfaceOrientationPortrait;
				IPHONEOS_DEPLOYMENT_TARGET = 16.0;
				LD_RUNPATH_SEARCH_PATHS = (
					"$(inherited)",
					"@executable_path/Frameworks",
				);
				MARKETING_VERSION = 1.0;
				PRODUCT_BUNDLE_IDENTIFIER = com.leongdev.cashfocus;
				PRODUCT_NAME = "$(TARGET_NAME)";
				SWIFT_EMIT_LOC_STRINGS = YES;
				SWIFT_VERSION = 5.0;
				TARGETED_DEVICE_FAMILY = "1,2";
			};
			name = Release;
		};
		FA15C9BA2AE1E38D004E1866 /* Debug */ = {
			isa = XCBuildConfiguration;
			buildSettings = {
				ALWAYS_EMBED_SWIFT_STANDARD_LIBRARIES = YES;
				BUNDLE_LOADER = "$(TEST_HOST)";
				CODE_SIGN_STYLE = Automatic;
				CURRENT_PROJECT_VERSION = 1;
				DEVELOPMENT_TEAM = 8GD4P7SDHD;
				GENERATE_INFOPLIST_FILE = YES;
				IPHONEOS_DEPLOYMENT_TARGET = 17.0;
				MARKETING_VERSION = 1.0;
				PRODUCT_BUNDLE_IDENTIFIER = com.leongdev.cashfocusTests;
				PRODUCT_NAME = "$(TARGET_NAME)";
				SWIFT_EMIT_LOC_STRINGS = NO;
				SWIFT_VERSION = 5.0;
				TARGETED_DEVICE_FAMILY = "1,2";
				TEST_HOST = "$(BUILT_PRODUCTS_DIR)/cashfocus.app/$(BUNDLE_EXECUTABLE_FOLDER_PATH)/cashfocus";
			};
			name = Debug;
		};
		FA15C9BB2AE1E38D004E1866 /* Release */ = {
			isa = XCBuildConfiguration;
			buildSettings = {
				ALWAYS_EMBED_SWIFT_STANDARD_LIBRARIES = YES;
				BUNDLE_LOADER = "$(TEST_HOST)";
				CODE_SIGN_STYLE = Automatic;
				CURRENT_PROJECT_VERSION = 1;
				DEVELOPMENT_TEAM = 8GD4P7SDHD;
				GENERATE_INFOPLIST_FILE = YES;
				IPHONEOS_DEPLOYMENT_TARGET = 17.0;
				MARKETING_VERSION = 1.0;
				PRODUCT_BUNDLE_IDENTIFIER = com.leongdev.cashfocusTests;
				PRODUCT_NAME = "$(TARGET_NAME)";
				SWIFT_EMIT_LOC_STRINGS = NO;
				SWIFT_VERSION = 5.0;
				TARGETED_DEVICE_FAMILY = "1,2";
				TEST_HOST = "$(BUILT_PRODUCTS_DIR)/cashfocus.app/$(BUNDLE_EXECUTABLE_FOLDER_PATH)/cashfocus";
			};
			name = Release;
		};
		FA15C9BD2AE1E38D004E1866 /* Debug */ = {
			isa = XCBuildConfiguration;
			buildSettings = {
				ALWAYS_EMBED_SWIFT_STANDARD_LIBRARIES = YES;
				CODE_SIGN_STYLE = Automatic;
				CURRENT_PROJECT_VERSION = 1;
				DEVELOPMENT_TEAM = 8GD4P7SDHD;
				GENERATE_INFOPLIST_FILE = YES;
				MARKETING_VERSION = 1.0;
				PRODUCT_BUNDLE_IDENTIFIER = com.leongdev.cashfocusUITests;
				PRODUCT_NAME = "$(TARGET_NAME)";
				SWIFT_EMIT_LOC_STRINGS = NO;
				SWIFT_VERSION = 5.0;
				TARGETED_DEVICE_FAMILY = "1,2";
				TEST_TARGET_NAME = cashfocus;
			};
			name = Debug;
		};
		FA15C9BE2AE1E38D004E1866 /* Release */ = {
			isa = XCBuildConfiguration;
			buildSettings = {
				ALWAYS_EMBED_SWIFT_STANDARD_LIBRARIES = YES;
				CODE_SIGN_STYLE = Automatic;
				CURRENT_PROJECT_VERSION = 1;
				DEVELOPMENT_TEAM = 8GD4P7SDHD;
				GENERATE_INFOPLIST_FILE = YES;
				MARKETING_VERSION = 1.0;
				PRODUCT_BUNDLE_IDENTIFIER = com.leongdev.cashfocusUITests;
				PRODUCT_NAME = "$(TARGET_NAME)";
				SWIFT_EMIT_LOC_STRINGS = NO;
				SWIFT_VERSION = 5.0;
				TARGETED_DEVICE_FAMILY = "1,2";
				TEST_TARGET_NAME = cashfocus;
			};
			name = Release;
		};
/* End XCBuildConfiguration section */

/* Begin XCConfigurationList section */
		FA15C9842AE1E38C004E1866 /* Build configuration list for PBXProject "cashfocus" */ = {
			isa = XCConfigurationList;
			buildConfigurations = (
				FA15C9B42AE1E38D004E1866 /* Debug */,
				FA15C9B52AE1E38D004E1866 /* Release */,
			);
			defaultConfigurationIsVisible = 0;
			defaultConfigurationName = Release;
		};
		FA15C9B62AE1E38D004E1866 /* Build configuration list for PBXNativeTarget "cashfocus" */ = {
			isa = XCConfigurationList;
			buildConfigurations = (
				FA15C9B72AE1E38D004E1866 /* Debug */,
				FA15C9B82AE1E38D004E1866 /* Release */,
			);
			defaultConfigurationIsVisible = 0;
			defaultConfigurationName = Release;
		};
		FA15C9B92AE1E38D004E1866 /* Build configuration list for PBXNativeTarget "cashfocusTests" */ = {
			isa = XCConfigurationList;
			buildConfigurations = (
				FA15C9BA2AE1E38D004E1866 /* Debug */,
				FA15C9BB2AE1E38D004E1866 /* Release */,
			);
			defaultConfigurationIsVisible = 0;
			defaultConfigurationName = Release;
		};
		FA15C9BC2AE1E38D004E1866 /* Build configuration list for PBXNativeTarget "cashfocusUITests" */ = {
			isa = XCConfigurationList;
			buildConfigurations = (
				FA15C9BD2AE1E38D004E1866 /* Debug */,
				FA15C9BE2AE1E38D004E1866 /* Release */,
			);
			defaultConfigurationIsVisible = 0;
			defaultConfigurationName = Release;
		};
/* End XCConfigurationList section */

/* Begin XCVersionGroup section */
		FA15C9952AE1E38C004E1866 /* cashfocus.xcdatamodeld */ = {
			isa = XCVersionGroup;
			children = (
				FA15C9962AE1E38C004E1866 /* cashfocus.xcdatamodel */,
			);
			currentVersion = FA15C9962AE1E38C004E1866 /* cashfocus.xcdatamodel */;
			path = cashfocus.xcdatamodeld;
			sourceTree = "<group>";
			versionGroupType = wrapper.xcdatamodel;
		};
/* End XCVersionGroup section */
	};
	rootObject = FA15C9812AE1E38C004E1866 /* Project object */;
}
